schema: '2.0'
stages:
  train:
    cmd: python src/train.py
    deps:
    - path: src/train.py
      md5: d282ac4dabae400bb3eaf543dd8c2ff2
      size: 982
    outs:
    - path: models/saved_model
      md5: 645caf355216a24c562f166950643f63
      size: 5650
    - path: reports/train_metrics.json
      md5: 99efd38a7d9a022a9e72d9292009c221
      size: 38
  test:
    cmd: python src/test.py
    deps:
    - path: models/saved_model
      md5: 645caf355216a24c562f166950643f63
      size: 5650
    - path: reports/train_metrics.txt
      md5: ebdb6b32ab8092298a7893986b352c75
      size: 25
    - path: src/test.py
      md5: 7739ae8dbd50d109207255d95d9ae534
      size: 858
    outs:
    - path: reports/test_metrics.json
      md5: 861ce90ca0d93e76fcb2f2b415515c05
      size: 60
